// !$*UTF8*$!
{
	archiveVersion = 1;
	classes = {
	};
	objectVersion = 55;
	objects = {

/* Begin PBXBuildFile section */
		F82F02C2290058E600071D75 /* AppDelegate.swift in Sources */ = {isa = PBXBuildFile; fileRef = F82F02C1290058E600071D75 /* AppDelegate.swift */; };
		F82F02C4290058E600071D75 /* SceneDelegate.swift in Sources */ = {isa = PBXBuildFile; fileRef = F82F02C3290058E600071D75 /* SceneDelegate.swift */; };
		F82F02C6290058E600071D75 /* ViewController.swift in Sources */ = {isa = PBXBuildFile; fileRef = F82F02C5290058E600071D75 /* ViewController.swift */; };
		F82F02C9290058E600071D75 /* Main.storyboard in Resources */ = {isa = PBXBuildFile; fileRef = F82F02C7290058E600071D75 /* Main.storyboard */; };
		F82F02CB290058E900071D75 /* Assets.xcassets in Resources */ = {isa = PBXBuildFile; fileRef = F82F02CA290058E900071D75 /* Assets.xcassets */; };
		F82F02CE290058E900071D75 /* LaunchScreen.storyboard in Resources */ = {isa = PBXBuildFile; fileRef = F82F02CC290058E900071D75 /* LaunchScreen.storyboard */; };
		F82F02D629007B1E00071D75 /* OvertimeViewController.swift in Sources */ = {isa = PBXBuildFile; fileRef = F82F02D529007B1E00071D75 /* OvertimeViewController.swift */; };
		F82F02DA29007B5300071D75 /* SettingsOvertimeVC.swift in Sources */ = {isa = PBXBuildFile; fileRef = F82F02D929007B5300071D75 /* SettingsOvertimeVC.swift */; };
		F82F02DC29007DDC00071D75 /* AddOvertimeVC.swift in Sources */ = {isa = PBXBuildFile; fileRef = F82F02DB29007DDC00071D75 /* AddOvertimeVC.swift */; };
		F8ADB1062933530D00FD07A4 /* ExpensesListerViewController.swift in Sources */ = {isa = PBXBuildFile; fileRef = F8ADB1052933530D00FD07A4 /* ExpensesListerViewController.swift */; };
/* End PBXBuildFile section */

/* Begin PBXFileReference section */
		F82F02BE290058E600071D75 /* Mesai_Takip.app */ = {isa = PBXFileReference; explicitFileType = wrapper.application; includeInIndex = 0; path = Mesai_Takip.app; sourceTree = BUILT_PRODUCTS_DIR; };
		F82F02C1290058E600071D75 /* AppDelegate.swift */ = {isa = PBXFileReference; lastKnownFileType = sourcecode.swift; path = AppDelegate.swift; sourceTree = "<group>"; };
		F82F02C3290058E600071D75 /* SceneDelegate.swift */ = {isa = PBXFileReference; lastKnownFileType = sourcecode.swift; path = SceneDelegate.swift; sourceTree = "<group>"; };
		F82F02C5290058E600071D75 /* ViewController.swift */ = {isa = PBXFileReference; lastKnownFileType = sourcecode.swift; path = ViewController.swift; sourceTree = "<group>"; };
		F82F02C8290058E600071D75 /* Base */ = {isa = PBXFileReference; lastKnownFileType = file.storyboard; name = Base; path = Base.lproj/Main.storyboard; sourceTree = "<group>"; };
		F82F02CA290058E900071D75 /* Assets.xcassets */ = {isa = PBXFileReference; lastKnownFileType = folder.assetcatalog; path = Assets.xcassets; sourceTree = "<group>"; };
		F82F02CD290058E900071D75 /* Base */ = {isa = PBXFileReference; lastKnownFileType = file.storyboard; name = Base; path = Base.lproj/LaunchScreen.storyboard; sourceTree = "<group>"; };
		F82F02CF290058E900071D75 /* Info.plist */ = {isa = PBXFileReference; lastKnownFileType = text.plist.xml; path = Info.plist; sourceTree = "<group>"; };
		F82F02D529007B1E00071D75 /* OvertimeViewController.swift */ = {isa = PBXFileReference; lastKnownFileType = sourcecode.swift; path = OvertimeViewController.swift; sourceTree = "<group>"; };
		F82F02D929007B5300071D75 /* SettingsOvertimeVC.swift */ = {isa = PBXFileReference; lastKnownFileType = sourcecode.swift; path = SettingsOvertimeVC.swift; sourceTree = "<group>"; };
		F82F02DB29007DDC00071D75 /* AddOvertimeVC.swift */ = {isa = PBXFileReference; lastKnownFileType = sourcecode.swift; path = AddOvertimeVC.swift; sourceTree = "<group>"; };
		F8ADB1052933530D00FD07A4 /* ExpensesListerViewController.swift */ = {isa = PBXFileReference; lastKnownFileType = sourcecode.swift; path = ExpensesListerViewController.swift; sourceTree = "<group>"; };
/* End PBXFileReference section */

/* Begin PBXFrameworksBuildPhase section */
		F82F02BB290058E600071D75 /* Frameworks */ = {
			isa = PBXFrameworksBuildPhase;
			buildActionMask = 2147483647;
			files = (
			);
			runOnlyForDeploymentPostprocessing = 0;
		};
/* End PBXFrameworksBuildPhase section */

/* Begin PBXGroup section */
		F82F02B5290058E600071D75 = {
			isa = PBXGroup;
			children = (
				F82F02C0290058E600071D75 /* Mesai_Takip */,
				F82F02BF290058E600071D75 /* Products */,
			);
			sourceTree = "<group>";
		};
		F82F02BF290058E600071D75 /* Products */ = {
			isa = PBXGroup;
			children = (
				F82F02BE290058E600071D75 /* Mesai_Takip.app */,
			);
			name = Products;
			sourceTree = "<group>";
		};
		F82F02C0290058E600071D75 /* Mesai_Takip */ = {
			isa = PBXGroup;
			children = (
				F82F02C1290058E600071D75 /* AppDelegate.swift */,
				F82F02C3290058E600071D75 /* SceneDelegate.swift */,
				F82F02C5290058E600071D75 /* ViewController.swift */,
				F82F02CA290058E900071D75 /* Assets.xcassets */,
				F82F02CC290058E900071D75 /* LaunchScreen.storyboard */,
				F82F02CF290058E900071D75 /* Info.plist */,
				F82F02C7290058E600071D75 /* Main.storyboard */,
				F82F02D529007B1E00071D75 /* OvertimeViewController.swift */,
				F82F02D929007B5300071D75 /* SettingsOvertimeVC.swift */,
				F82F02DB29007DDC00071D75 /* AddOvertimeVC.swift */,
				F8ADB1052933530D00FD07A4 /* ExpensesListerViewController.swift */,
			);
			path = Mesai_Takip;
			sourceTree = "<group>";
		};
/* End PBXGroup section */

/* Begin PBXNativeTarget section */
		F82F02BD290058E600071D75 /* Mesai_Takip */ = {
			isa = PBXNativeTarget;
			buildConfigurationList = F82F02D2290058E900071D75 /* Build configuration list for PBXNativeTarget "Mesai_Takip" */;
			buildPhases = (
				F82F02BA290058E600071D75 /* Sources */,
				F82F02BB290058E600071D75 /* Frameworks */,
				F82F02BC290058E600071D75 /* Resources */,
			);
			buildRules = (
			);
			dependencies = (
			);
			name = Mesai_Takip;
			productName = Mesai_Takip;
			productReference = F82F02BE290058E600071D75 /* Mesai_Takip.app */;
			productType = "com.apple.product-type.application";
		};
/* End PBXNativeTarget section */

/* Begin PBXProject section */
		F82F02B6290058E600071D75 /* Project object */ = {
			isa = PBXProject;
			attributes = {
				BuildIndependentTargetsInParallel = 1;
				LastSwiftUpdateCheck = 1330;
				LastUpgradeCheck = 1330;
				TargetAttributes = {
					F82F02BD290058E600071D75 = {
						CreatedOnToolsVersion = 13.3;
					};
				};
			};
			buildConfigurationList = F82F02B9290058E600071D75 /* Build configuration list for PBXProject "Mesai_Takip" */;
			compatibilityVersion = "Xcode 13.0";
			developmentRegion = en;
			hasScannedForEncodings = 0;
			knownRegions = (
				en,
				Base,
			);
			mainGroup = F82F02B5290058E600071D75;
			productRefGroup = F82F02BF290058E600071D75 /* Products */;
			projectDirPath = "";
			projectRoot = "";
			targets = (
				F82F02BD290058E600071D75 /* Mesai_Takip */,
			);
		};
/* End PBXProject section */

/* Begin PBXResourcesBuildPhase section */
		F82F02BC290058E600071D75 /* Resources */ = {
			isa = PBXResourcesBuildPhase;
			buildActionMask = 2147483647;
			files = (
				F82F02CE290058E900071D75 /* LaunchScreen.storyboard in Resources */,
				F82F02CB290058E900071D75 /* Assets.xcassets in Resources */,
				F82F02C9290058E600071D75 /* Main.storyboard in Resources */,
			);
			runOnlyForDeploymentPostprocessing = 0;
		};
/* End PBXResourcesBuildPhase section */

/* Begin PBXSourcesBuildPhase section */
		F82F02BA290058E600071D75 /* Sources */ = {
			isa = PBXSourcesBuildPhase;
			buildActionMask = 2147483647;
			files = (
				F8ADB1062933530D00FD07A4 /* ExpensesListerViewController.swift in Sources */,
				F82F02C6290058E600071D75 /* ViewController.swift in Sources */,
				F82F02D629007B1E00071D75 /* OvertimeViewController.swift in Sources */,
				F82F02C2290058E600071D75 /* AppDelegate.swift in Sources */,
				F82F02DC29007DDC00071D75 /* AddOvertimeVC.swift in Sources */,
				F82F02DA29007B5300071D75 /* SettingsOvertimeVC.swift in Sources */,
				F82F02C4290058E600071D75 /* SceneDelegate.swift in Sources */,
			);
			runOnlyForDeploymentPostprocessing = 0;
		};
/* End PBXSourcesBuildPhase section */

/* Begin PBXVariantGroup section */
		F82F02C7290058E600071D75 /* Main.storyboard */ = {
			isa = PBXVariantGroup;
			children = (
				F82F02C8290058E600071D75 /* Base */,
			);
			name = Main.storyboard;
			sourceTree = "<group>";
		};
		F82F02CC290058E900071D75 /* LaunchScreen.storyboard */ = {
			isa = PBXVariantGroup;
			children = (
				F82F02CD290058E900071D75 /* Base */,
			);
			name = LaunchScreen.storyboard;
			sourceTree = "<group>";
		};
/* End PBXVariantGroup section */

/* Begin XCBuildConfiguration section */
		F82F02D0290058E900071D75 /* Debug */ = {
			isa = XCBuildConfiguration;
			buildSettings = {
				ALWAYS_SEARCH_USER_PATHS = NO;
				CLANG_ANALYZER_NONNULL = YES;
				CLANG_ANALYZER_NUMBER_OBJECT_CONVERSION = YES_AGGRESSIVE;
				CLANG_CXX_LANGUAGE_STANDARD = "gnu++17";
				CLANG_ENABLE_MODULES = YES;
				CLANG_ENABLE_OBJC_ARC = YES;
				CLANG_ENABLE_OBJC_WEAK = YES;
				CLANG_WARN_BLOCK_CAPTURE_AUTORELEASING = YES;
				CLANG_WARN_BOOL_CONVERSION = YES;
				CLANG_WARN_COMMA = YES;
				CLANG_WARN_CONSTANT_CONVERSION = YES;
				CLANG_WARN_DEPRECATED_OBJC_IMPLEMENTATIONS = YES;
				CLANG_WARN_DIRECT_OBJC_ISA_USAGE = YES_ERROR;
				CLANG_WARN_DOCUMENTATION_COMMENTS = YES;
				CLANG_WARN_EMPTY_BODY = YES;
				CLANG_WARN_ENUM_CONVERSION = YES;
				CLANG_WARN_INFINITE_RECURSION = YES;
				CLANG_WARN_INT_CONVERSION = YES;
				CLANG_WARN_NON_LITERAL_NULL_CONVERSION = YES;
				CLANG_WARN_OBJC_IMPLICIT_RETAIN_SELF = YES;
				CLANG_WARN_OBJC_LITERAL_CONVERSION = YES;
				CLANG_WARN_OBJC_ROOT_CLASS = YES_ERROR;
				CLANG_WARN_QUOTED_INCLUDE_IN_FRAMEWORK_HEADER = YES;
				CLANG_WARN_RANGE_LOOP_ANALYSIS = YES;
				CLANG_WARN_STRICT_PROTOTYPES = YES;
				CLANG_WARN_SUSPICIOUS_MOVE = YES;
				CLANG_WARN_UNGUARDED_AVAILABILITY = YES_AGGRESSIVE;
				CLANG_WARN_UNREACHABLE_CODE = YES;
				CLANG_WARN__DUPLICATE_METHOD_MATCH = YES;
				COPY_PHASE_STRIP = NO;
				DEBUG_INFORMATION_FORMAT = dwarf;
				ENABLE_STRICT_OBJC_MSGSEND = YES;
				ENABLE_TESTABILITY = YES;
				GCC_C_LANGUAGE_STANDARD = gnu11;
				GCC_DYNAMIC_NO_PIC = NO;
				GCC_NO_COMMON_BLOCKS = YES;
				GCC_OPTIMIZATION_LEVEL = 0;
				GCC_PREPROCESSOR_DEFINITIONS = (
					"DEBUG=1",
					"$(inherited)",
				);
				GCC_WARN_64_TO_32_BIT_CONVERSION = YES;
				GCC_WARN_ABOUT_RETURN_TYPE = YES_ERROR;
				GCC_WARN_UNDECLARED_SELECTOR = YES;
				GCC_WARN_UNINITIALIZED_AUTOS = YES_AGGRESSIVE;
				GCC_WARN_UNUSED_FUNCTION = YES;
				GCC_WARN_UNUSED_VARIABLE = YES;
				IPHONEOS_DEPLOYMENT_TARGET = 15.4;
				MTL_ENABLE_DEBUG_INFO = INCLUDE_SOURCE;
				MTL_FAST_MATH = YES;
				ONLY_ACTIVE_ARCH = YES;
				SDKROOT = iphoneos;
				SWIFT_ACTIVE_COMPILATION_CONDITIONS = DEBUG;
				SWIFT_OPTIMIZATION_LEVEL = "-Onone";
			};
			name = Debug;
		};
		F82F02D1290058E900071D75 /* Release */ = {
			isa = XCBuildConfiguration;
			buildSettings = {
				ALWAYS_SEARCH_USER_PATHS = NO;
				CLANG_ANALYZER_NONNULL = YES;
				CLANG_ANALYZER_NUMBER_OBJECT_CONVERSION = YES_AGGRESSIVE;
				CLANG_CXX_LANGUAGE_STANDARD = "gnu++17";
				CLANG_ENABLE_MODULES = YES;
				CLANG_ENABLE_OBJC_ARC = YES;
				CLANG_ENABLE_OBJC_WEAK = YES;
				CLANG_WARN_BLOCK_CAPTURE_AUTORELEASING = YES;
				CLANG_WARN_BOOL_CONVERSION = YES;
				CLANG_WARN_COMMA = YES;
				CLANG_WARN_CONSTANT_CONVERSION = YES;
				CLANG_WARN_DEPRECATED_OBJC_IMPLEMENTATIONS = YES;
				CLANG_WARN_DIRECT_OBJC_ISA_USAGE = YES_ERROR;
				CLANG_WARN_DOCUMENTATION_COMMENTS = YES;
				CLANG_WARN_EMPTY_BODY = YES;
				CLANG_WARN_ENUM_CONVERSION = YES;
				CLANG_WARN_INFINITE_RECURSION = YES;
				CLANG_WARN_INT_CONVERSION = YES;
				CLANG_WARN_NON_LITERAL_NULL_CONVERSION = YES;
				CLANG_WARN_OBJC_IMPLICIT_RETAIN_SELF = YES;
				CLANG_WARN_OBJC_LITERAL_CONVERSION = YES;
				CLANG_WARN_OBJC_ROOT_CLASS = YES_ERROR;
				CLANG_WARN_QUOTED_INCLUDE_IN_FRAMEWORK_HEADER = YES;
				CLANG_WARN_RANGE_LOOP_ANALYSIS = YES;
				CLANG_WARN_STRICT_PROTOTYPES = YES;
				CLANG_WARN_SUSPICIOUS_MOVE = YES;
				CLANG_WARN_UNGUARDED_AVAILABILITY = YES_AGGRESSIVE;
				CLANG_WARN_UNREACHABLE_CODE = YES;
				CLANG_WARN__DUPLICATE_METHOD_MATCH = YES;
				COPY_PHASE_STRIP = NO;
				DEBUG_INFORMATION_FORMAT = "dwarf-with-dsym";
				ENABLE_NS_ASSERTIONS = NO;
				ENABLE_STRICT_OBJC_MSGSEND = YES;
				GCC_C_LANGUAGE_STANDARD = gnu11;
				GCC_NO_COMMON_BLOCKS = YES;
				GCC_WARN_64_TO_32_BIT_CONVERSION = YES;
				GCC_WARN_ABOUT_RETURN_TYPE = YES_ERROR;
				GCC_WARN_UNDECLARED_SELECTOR = YES;
				GCC_WARN_UNINITIALIZED_AUTOS = YES_AGGRESSIVE;
				GCC_WARN_UNUSED_FUNCTION = YES;
				GCC_WARN_UNUSED_VARIABLE = YES;
				IPHONEOS_DEPLOYMENT_TARGET = 15.4;
				MTL_ENABLE_DEBUG_INFO = NO;
				MTL_FAST_MATH = YES;
				SDKROOT = iphoneos;
				SWIFT_COMPILATION_MODE = wholemodule;
				SWIFT_OPTIMIZATION_LEVEL = "-O";
				VALIDATE_PRODUCT = YES;
			};
			name = Release;
		};
		F82F02D3290058E900071D75 /* Debug */ = {
			isa = XCBuildConfiguration;
			buildSettings = {
				ASSETCATALOG_COMPILER_APPICON_NAME = AppIcon;
				ASSETCATALOG_COMPILER_GLOBAL_ACCENT_COLOR_NAME = AccentColor;
				CODE_SIGN_STYLE = Automatic;
				CURRENT_PROJECT_VERSION = 1;
				DEVELOPMENT_TEAM = "";
				GENERATE_INFOPLIST_FILE = YES;
				INFOPLIST_FILE = Mesai_Takip/Info.plist;
				INFOPLIST_KEY_UIApplicationSupportsIndirectInputEvents = YES;
				INFOPLIST_KEY_UILaunchStoryboardName = LaunchScreen;
				INFOPLIST_KEY_UIMainStoryboardFile = Main;
				INFOPLIST_KEY_UISupportedInterfaceOrientations_iPad = "UIInterfaceOrientationPortrait UIInterfaceOrientationPortraitUpsideDown UIInterfaceOrientationLandscapeLeft UIInterfaceOrientationLandscapeRight";
				INFOPLIST_KEY_UISupportedInterfaceOrientations_iPhone = "UIInterfaceOrientationPortrait UIInterfaceOrientationLandscapeLeft UIInterfaceOrientationLandscapeRight";
				LD_RUNPATH_SEARCH_PATHS = (
					"$(inherited)",
					"@executable_path/Frameworks",
				);
				MARKETING_VERSION = 1.0;
				PRODUCT_BUNDLE_IDENTIFIER = "com.emirkeskin.Mesai-Takip";
				PRODUCT_NAME = "$(TARGET_NAME)";
				SWIFT_EMIT_LOC_STRINGS = YES;
				SWIFT_VERSION = 5.0;
				TARGETED_DEVICE_FAMILY = "1,2";
			};
			name = Debug;
		};
		F82F02D4290058E900071D75 /* Release */ = {
			isa = XCBuildConfiguration;
			buildSettings = {
				ASSETCATALOG_COMPILER_APPICON_NAME = AppIcon;
				ASSETCATALOG_COMPILER_GLOBAL_ACCENT_COLOR_NAME = AccentColor;
				CODE_SIGN_STYLE = Automatic;
				CURRENT_PROJECT_VERSION = 1;
				DEVELOPMENT_TEAM = "";
				GENERATE_INFOPLIST_FILE = YES;
				INFOPLIST_FILE = Mesai_Takip/Info.plist;
				INFOPLIST_KEY_UIApplicationSupportsIndirectInputEvents = YES;
				INFOPLIST_KEY_UILaunchStoryboardName = LaunchScreen;
				INFOPLIST_KEY_UIMainStoryboardFile = Main;
				INFOPLIST_KEY_UISupportedInterfaceOrientations_iPad = "UIInterfaceOrientationPortrait UIInterfaceOrientationPortraitUpsideDown UIInterfaceOrientationLandscapeLeft UIInterfaceOrientationLandscapeRight";
				INFOPLIST_KEY_UISupportedInterfaceOrientations_iPhone = "UIInterfaceOrientationPortrait UIInterfaceOrientationLandscapeLeft UIInterfaceOrientationLandscapeRight";
				LD_RUNPATH_SEARCH_PATHS = (
					"$(inherited)",
					"@executable_path/Frameworks",
				);
				MARKETING_VERSION = 1.0;
				PRODUCT_BUNDLE_IDENTIFIER = "com.emirkeskin.Mesai-Takip";
				PRODUCT_NAME = "$(TARGET_NAME)";
				SWIFT_EMIT_LOC_STRINGS = YES;
				SWIFT_VERSION = 5.0;
				TARGETED_DEVICE_FAMILY = "1,2";
			};
			name = Release;
		};
/* End XCBuildConfiguration section */

/* Begin XCConfigurationList section */
		F82F02B9290058E600071D75 /* Build configuration list for PBXProject "Mesai_Takip" */ = {
			isa = XCConfigurationList;
			buildConfigurations = (
				F82F02D0290058E900071D75 /* Debug */,
				F82F02D1290058E900071D75 /* Release */,
			);
			defaultConfigurationIsVisible = 0;
			defaultConfigurationName = Release;
		};
		F82F02D2290058E900071D75 /* Build configuration list for PBXNativeTarget "Mesai_Takip" */ = {
			isa = XCConfigurationList;
			buildConfigurations = (
				F82F02D3290058E900071D75 /* Debug */,
				F82F02D4290058E900071D75 /* Release */,
			);
			defaultConfigurationIsVisible = 0;
			defaultConfigurationName = Release;
		};
/* End XCConfigurationList section */
	};
	rootObject = F82F02B6290058E600071D75 /* Project object */;
}
